# THIS IS AN AUTOGENERATED FILE. DO NOT EDIT THIS FILE DIRECTLY.
# yarn lockfile v1


colors@>=0.6.2:
  version "1.4.0"
  resolved "https://registry.yarnpkg.com/colors/-/colors-1.4.0.tgz#c50491479d4c1bdaed2c9ced32cf7c7dc2360f78"
  integrity sha512-a+UqTh4kgZg/SlGvfbzDHpgRu7AAQOmmqRHJnxhRZICKFUT91brVhNNt58CMWU9PsBbv3PDCZUHbVxuDiH2mtA==

commander@~2.20.0:
  version "2.20.1"
  resolved "https://registry.yarnpkg.com/commander/-/commander-2.20.1.tgz#3863ce3ca92d0831dcf2a102f5fb4b5926afd0f9"
  integrity sha512-cCuLsMhJeWQ/ZpsFTbE765kvVfoeSddc4nU3up4fV+fDBcfUXnbITJ+JzhkdjzOqhURjZgujxaioam4RM9yGUg==

deep-equal@>=0.2.1:
  version "1.1.0"
  resolved "https://registry.yarnpkg.com/deep-equal/-/deep-equal-1.1.0.tgz#3103cdf8ab6d32cf4a8df7865458f2b8d33f3745"
  integrity sha512-ZbfWJq/wN1Z273o7mUSjILYqehAktR2NVoSrOukDkU9kg2v/Uv89yU4Cvz8seJeAmtN5oqiefKq8FPuXOboqLw==
  dependencies:
    is-arguments "^1.0.4"
    is-date-object "^1.0.1"
    is-regex "^1.0.4"
    object-is "^1.0.1"
    object-keys "^1.1.1"
    regexp.prototype.flags "^1.2.0"

define-properties@^1.1.2:
  version "1.1.3"
  resolved "https://registry.yarnpkg.com/define-properties/-/define-properties-1.1.3.tgz#cf88da6cbee26fe6db7094f61d870cbd84cee9f1"
  integrity sha512-3MqfYKj2lLzdMSf8ZIZE/V+Zuy+BgD6f164e8K2w7dgnpKArBDerGYpM46IYYcjnkdPNMjPk9A6VFB8+3SKlXQ==
  dependencies:
    object-keys "^1.0.12"

function-bind@^1.1.1:
  version "1.1.1"
  resolved "https://registry.yarnpkg.com/function-bind/-/function-bind-1.1.1.tgz#a56899d3ea3c9bab874bb9773b7c5ede92f4895d"
  integrity sha512-yIovAzMX49sF8Yl58fSCWJ5svSLuaibPxXQJFLmBObTuCr0Mf1KiPopGM9NiFjiYBCbfaa2Fh6breQ6ANVTI0A==

has@^1.0.1:
  version "1.0.3"
  resolved "https://registry.yarnpkg.com/has/-/has-1.0.3.tgz#722d7cbfc1f6aa8241f16dd814e011e1f41e8796"
  integrity sha512-f2dvO0VU6Oej7RkWJGrehjbzMAjFp5/VKPp5tTpWIV4JHHZK1/BxbFRtf/siA2SWTe09caDmVtYYzWEIbBS4zw==
  dependencies:
    function-bind "^1.1.1"

iced-coffee-script@^108.0.9:
  version "108.0.13"
  resolved "https://registry.yarnpkg.com/iced-coffee-script/-/iced-coffee-script-108.0.13.tgz#574085c8c0e2e3f21583db46df3d8d541e511e0a"
  integrity sha512-0qG9vtelrtfY1NCh+120EINbytkt2rkCVXJ81EOItbP7B8vildMCfLfuQdYRSy7r2T6Z+2zok/NuPRuokqSNNA==
  dependencies:
    iced-runtime ">=0.0.1"
    uglify-js "^3.5.9"

iced-lock@^2.0.0:
  version "2.0.0"
  resolved "https://registry.yarnpkg.com/iced-lock/-/iced-lock-2.0.0.tgz#2296afec588f5c3cc464cd79c36506b02fe47ec9"
  integrity sha512-4XY/wVsVV/o2C8jcYs3oydQSHnomwEAHfp9+wnk4vNc34nw7FjsWMIGlxPZhZx0oyYJEyc3AZ5cpoPe6npHe3A==
  dependencies:
    iced-runtime "^1.0.0"

iced-runtime@>=0.0.1, iced-runtime@^1.0.0:
  version "1.0.4"
  resolved "https://registry.yarnpkg.com/iced-runtime/-/iced-runtime-1.0.4.tgz#e9de26dfe98cd8621201f7f3dfb9f7f09c550990"
  integrity sha512-rgiJXNF6ZgF2Clh/TKUlBDW3q51YPDJUXmxGQXx1b8tbZpVpTn+1RX9q1sjNkujXIIaVxZByQzPHHORg7KV51g==

iced-test@0.0.22:
  version "0.0.22"
  resolved "https://registry.yarnpkg.com/iced-test/-/iced-test-0.0.22.tgz#61e7149f443fe5c87ff402cbc2214a42d558af2b"
  integrity sha1-YecUn0Q/5ch/9ALLwiFKQtVYrys=
  dependencies:
    colors ">=0.6.2"
    deep-equal ">=0.2.1"
    iced-runtime ">=0.0.1"
    minimist ">=0.0.8"

is-arguments@^1.0.4:
  version "1.0.4"
  resolved "https://registry.yarnpkg.com/is-arguments/-/is-arguments-1.0.4.tgz#3faf966c7cba0ff437fb31f6250082fcf0448cf3"
  integrity sha512-xPh0Rmt8NE65sNzvyUmWgI1tz3mKq74lGA0mL8LYZcoIzKOzDh6HmrYm3d18k60nHerC8A9Km8kYu87zfSFnLA==

is-date-object@^1.0.1:
  version "1.0.1"
  resolved "https://registry.yarnpkg.com/is-date-object/-/is-date-object-1.0.1.tgz#9aa20eb6aeebbff77fbd33e74ca01b33581d3a16"
  integrity sha1-mqIOtq7rv/d/vTPnTKAbM1gdOhY=

is-regex@^1.0.4:
  version "1.0.4"
  resolved "https://registry.yarnpkg.com/is-regex/-/is-regex-1.0.4.tgz#5517489b547091b0930e095654ced25ee97e9491"
  integrity sha1-VRdIm1RwkbCTDglWVM7SXul+lJE=
  dependencies:
    has "^1.0.1"

kb-node-lru@^3.0.0:
  version "3.0.0"
  resolved "https://registry.yarnpkg.com/kb-node-lru/-/kb-node-lru-3.0.0.tgz#b6ecb38fc0f92051232d84f01136191ddba1f49b"
  integrity sha512-d4+vzn+8scQ7q5bc174SaAsHGKM41vfDs6+feQrOAOJhdsKUcLR5SW5xCUknoWVYrAuHNXuXGoqTgJMYPwsxmQ==

minimist@>=0.0.8:
  version "1.2.0"
  resolved "https://registry.yarnpkg.com/minimist/-/minimist-1.2.0.tgz#a35008b20f41383eec1fb914f4cd5df79a264284"
  integrity sha1-o1AIsg9BOD7sH7kU9M1d95omQoQ=

object-is@^1.0.1:
  version "1.0.1"
  resolved "https://registry.yarnpkg.com/object-is/-/object-is-1.0.1.tgz#0aa60ec9989a0b3ed795cf4d06f62cf1ad6539b6"
  integrity sha1-CqYOyZiaCz7Xlc9NBvYs8a1lObY=

object-keys@^1.0.12, object-keys@^1.1.1:
  version "1.1.1"
  resolved "https://registry.yarnpkg.com/object-keys/-/object-keys-1.1.1.tgz#1c47f272df277f3b1daf061677d9c82e2322c60e"
  integrity sha512-NuAESUOUMrlIXOfHKzD6bpPu3tYt3xvjNdRIQ+FeT0lNb4K8WR70CaDxhuNguS2XG+GjkyMwOzsN5ZktImfhLA==

regexp.prototype.flags@^1.2.0:
  version "1.2.0"
  resolved "https://registry.yarnpkg.com/regexp.prototype.flags/-/regexp.prototype.flags-1.2.0.tgz#6b30724e306a27833eeb171b66ac8890ba37e41c"
  integrity sha512-ztaw4M1VqgMwl9HlPpOuiYgItcHlunW0He2fE6eNfT6E/CF2FtYi9ofOYe4mKntstYk0Fyh/rDRBdS3AnxjlrA==
  dependencies:
    define-properties "^1.1.2"

source-map@~0.6.1:
  version "0.6.1"
  resolved "https://registry.yarnpkg.com/source-map/-/source-map-0.6.1.tgz#74722af32e9614e9c287a8d0bbde48b5e2f1a263"
  integrity sha512-UjgapumWlbMhkBgzT7Ykc5YXUT46F0iKu8SGXq0bcwP5dz/h0Plj6enJqjz1Zbq2l5WaqYnrVbwWOWMyF3F47g==

uglify-js@^3.5.9:
  version "3.6.0"
  resolved "https://registry.yarnpkg.com/uglify-js/-/uglify-js-3.6.0.tgz#704681345c53a8b2079fb6cec294b05ead242ff5"
  integrity sha512-W+jrUHJr3DXKhrsS7NUVxn3zqMOFn0hL/Ei6v0anCIMoKC93TjcflTagwIHLW7SfMFfiQuktQyFVCFHGUE0+yg==
  dependencies:
    commander "~2.20.0"
    source-map "~0.6.1"
